// !$*UTF8*$!
{
	archiveVersion = 1;
	classes = {
	};
	objectVersion = 77;
	objects = {

/* Begin PBXBuildFile section */
		8EC2132B2D70FECE00EA6CAF /* Assets.xcassets in Resources */ = {isa = PBXBuildFile; fileRef = 8EC2132A2D70FECE00EA6CAF /* Assets.xcassets */; };
/* End PBXBuildFile section */

/* Begin PBXContainerItemProxy section */
		8EC2130E2D70FDD000EA6CAF /* PBXContainerItemProxy */ = {
			isa = PBXContainerItemProxy;
			containerPortal = 8EC212F52D70FDCF00EA6CAF /* Project object */;
			proxyType = 1;
			remoteGlobalIDString = 8EC212FC2D70FDCF00EA6CAF;
			remoteInfo = SwiftfulMapApp;
		};
		8EC213182D70FDD000EA6CAF /* PBXContainerItemProxy */ = {
			isa = PBXContainerItemProxy;
			containerPortal = 8EC212F52D70FDCF00EA6CAF /* Project object */;
			proxyType = 1;
			remoteGlobalIDString = 8EC212FC2D70FDCF00EA6CAF;
			remoteInfo = SwiftfulMapApp;
		};
/* End PBXContainerItemProxy section */

/* Begin PBXFileReference section */
		8EC212FD2D70FDCF00EA6CAF /* SwiftfulMapApp.app */ = {isa = PBXFileReference; explicitFileType = wrapper.application; includeInIndex = 0; path = SwiftfulMapApp.app; sourceTree = BUILT_PRODUCTS_DIR; };
		8EC2130D2D70FDD000EA6CAF /* SwiftfulMapAppTests.xctest */ = {isa = PBXFileReference; explicitFileType = wrapper.cfbundle; includeInIndex = 0; path = SwiftfulMapAppTests.xctest; sourceTree = BUILT_PRODUCTS_DIR; };
		8EC213172D70FDD000EA6CAF /* SwiftfulMapAppUITests.xctest */ = {isa = PBXFileReference; explicitFileType = wrapper.cfbundle; includeInIndex = 0; path = SwiftfulMapAppUITests.xctest; sourceTree = BUILT_PRODUCTS_DIR; };
		8EC2132A2D70FECE00EA6CAF /* Assets.xcassets */ = {isa = PBXFileReference; lastKnownFileType = folder.assetcatalog; path = Assets.xcassets; sourceTree = "<group>"; };
/* End PBXFileReference section */

/* Begin PBXFileSystemSynchronizedRootGroup section */
		8EC212FF2D70FDCF00EA6CAF /* SwiftfulMapApp */ = {
			isa = PBXFileSystemSynchronizedRootGroup;
			path = SwiftfulMapApp;
			sourceTree = "<group>";
		};
		8EC213102D70FDD000EA6CAF /* SwiftfulMapAppTests */ = {
			isa = PBXFileSystemSynchronizedRootGroup;
			path = SwiftfulMapAppTests;
			sourceTree = "<group>";
		};
		8EC2131A2D70FDD000EA6CAF /* SwiftfulMapAppUITests */ = {
			isa = PBXFileSystemSynchronizedRootGroup;
			path = SwiftfulMapAppUITests;
			sourceTree = "<group>";
		};
/* End PBXFileSystemSynchronizedRootGroup section */

/* Begin PBXFrameworksBuildPhase section */
		8EC212FA2D70FDCF00EA6CAF /* Frameworks */ = {
			isa = PBXFrameworksBuildPhase;
			buildActionMask = 2147483647;
			files = (
			);
			runOnlyForDeploymentPostprocessing = 0;
		};
		8EC2130A2D70FDD000EA6CAF /* Frameworks */ = {
			isa = PBXFrameworksBuildPhase;
			buildActionMask = 2147483647;
			files = (
			);
			runOnlyForDeploymentPostprocessing = 0;
		};
		8EC213142D70FDD000EA6CAF /* Frameworks */ = {
			isa = PBXFrameworksBuildPhase;
			buildActionMask = 2147483647;
			files = (
			);
			runOnlyForDeploymentPostprocessing = 0;
		};
/* End PBXFrameworksBuildPhase section */

/* Begin PBXGroup section */
		8EC212F42D70FDCF00EA6CAF = {
			isa = PBXGroup;
			children = (
				8EC212FF2D70FDCF00EA6CAF /* SwiftfulMapApp */,
				8EC213102D70FDD000EA6CAF /* SwiftfulMapAppTests */,
				8EC2131A2D70FDD000EA6CAF /* SwiftfulMapAppUITests */,
				8EC212FE2D70FDCF00EA6CAF /* Products */,
				8EC2132A2D70FECE00EA6CAF /* Assets.xcassets */,
			);
			sourceTree = "<group>";
		};
		8EC212FE2D70FDCF00EA6CAF /* Products */ = {
			isa = PBXGroup;
			children = (
				8EC212FD2D70FDCF00EA6CAF /* SwiftfulMapApp.app */,
				8EC2130D2D70FDD000EA6CAF /* SwiftfulMapAppTests.xctest */,
				8EC213172D70FDD000EA6CAF /* SwiftfulMapAppUITests.xctest */,
			);
			name = Products;
			sourceTree = "<group>";
		};
/* End PBXGroup section */

/* Begin PBXNativeTarget section */
		8EC212FC2D70FDCF00EA6CAF /* SwiftfulMapApp */ = {
			isa = PBXNativeTarget;
			buildConfigurationList = 8EC213212D70FDD000EA6CAF /* Build configuration list for PBXNativeTarget "SwiftfulMapApp" */;
			buildPhases = (
				8EC212F92D70FDCF00EA6CAF /* Sources */,
				8EC212FA2D70FDCF00EA6CAF /* Frameworks */,
				8EC212FB2D70FDCF00EA6CAF /* Resources */,
			);
			buildRules = (
			);
			dependencies = (
			);
			fileSystemSynchronizedGroups = (
				8EC212FF2D70FDCF00EA6CAF /* SwiftfulMapApp */,
			);
			name = SwiftfulMapApp;
			packageProductDependencies = (
			);
			productName = SwiftfulMapApp;
			productReference = 8EC212FD2D70FDCF00EA6CAF /* SwiftfulMapApp.app */;
			productType = "com.apple.product-type.application";
		};
		8EC2130C2D70FDD000EA6CAF /* SwiftfulMapAppTests */ = {
			isa = PBXNativeTarget;
			buildConfigurationList = 8EC213242D70FDD000EA6CAF /* Build configuration list for PBXNativeTarget "SwiftfulMapAppTests" */;
			buildPhases = (
				8EC213092D70FDD000EA6CAF /* Sources */,
				8EC2130A2D70FDD000EA6CAF /* Frameworks */,
				8EC2130B2D70FDD000EA6CAF /* Resources */,
			);
			buildRules = (
			);
			dependencies = (
				8EC2130F2D70FDD000EA6CAF /* PBXTargetDependency */,
			);
			fileSystemSynchronizedGroups = (
				8EC213102D70FDD000EA6CAF /* SwiftfulMapAppTests */,
			);
			name = SwiftfulMapAppTests;
			packageProductDependencies = (
			);
			productName = SwiftfulMapAppTests;
			productReference = 8EC2130D2D70FDD000EA6CAF /* SwiftfulMapAppTests.xctest */;
			productType = "com.apple.product-type.bundle.unit-test";
		};
		8EC213162D70FDD000EA6CAF /* SwiftfulMapAppUITests */ = {
			isa = PBXNativeTarget;
			buildConfigurationList = 8EC213272D70FDD000EA6CAF /* Build configuration list for PBXNativeTarget "SwiftfulMapAppUITests" */;
			buildPhases = (
				8EC213132D70FDD000EA6CAF /* Sources */,
				8EC213142D70FDD000EA6CAF /* Frameworks */,
				8EC213152D70FDD000EA6CAF /* Resources */,
			);
			buildRules = (
			);
			dependencies = (
				8EC213192D70FDD000EA6CAF /* PBXTargetDependency */,
			);
			fileSystemSynchronizedGroups = (
				8EC2131A2D70FDD000EA6CAF /* SwiftfulMapAppUITests */,
			);
			name = SwiftfulMapAppUITests;
			packageProductDependencies = (
			);
			productName = SwiftfulMapAppUITests;
			productReference = 8EC213172D70FDD000EA6CAF /* SwiftfulMapAppUITests.xctest */;
			productType = "com.apple.product-type.bundle.ui-testing";
		};
/* End PBXNativeTarget section */

/* Begin PBXProject section */
		8EC212F52D70FDCF00EA6CAF /* Project object */ = {
			isa = PBXProject;
			attributes = {
				BuildIndependentTargetsInParallel = 1;
				LastSwiftUpdateCheck = 1620;
				LastUpgradeCheck = 1620;
				TargetAttributes = {
					8EC212FC2D70FDCF00EA6CAF = {
						CreatedOnToolsVersion = 16.2;
					};
					8EC2130C2D70FDD000EA6CAF = {
						CreatedOnToolsVersion = 16.2;
						TestTargetID = 8EC212FC2D70FDCF00EA6CAF;
					};
					8EC213162D70FDD000EA6CAF = {
						CreatedOnToolsVersion = 16.2;
						TestTargetID = 8EC212FC2D70FDCF00EA6CAF;
					};
				};
			};
			buildConfigurationList = 8EC212F82D70FDCF00EA6CAF /* Build configuration list for PBXProject "SwiftfulMapApp" */;
			developmentRegion = en;
			hasScannedForEncodings = 0;
			knownRegions = (
				en,
				Base,
			);
			mainGroup = 8EC212F42D70FDCF00EA6CAF;
			minimizedProjectReferenceProxies = 1;
			preferredProjectObjectVersion = 77;
			productRefGroup = 8EC212FE2D70FDCF00EA6CAF /* Products */;
			projectDirPath = "";
			projectRoot = "";
			targets = (
				8EC212FC2D70FDCF00EA6CAF /* SwiftfulMapApp */,
				8EC2130C2D70FDD000EA6CAF /* SwiftfulMapAppTests */,
				8EC213162D70FDD000EA6CAF /* SwiftfulMapAppUITests */,
			);
		};
/* End PBXProject section */

/* Begin PBXResourcesBuildPhase section */
		8EC212FB2D70FDCF00EA6CAF /* Resources */ = {
			isa = PBXResourcesBuildPhase;
			buildActionMask = 2147483647;
			files = (
				8EC2132B2D70FECE00EA6CAF /* Assets.xcassets in Resources */,
			);
			runOnlyForDeploymentPostprocessing = 0;
		};
		8EC2130B2D70FDD000EA6CAF /* Resources */ = {
			isa = PBXResourcesBuildPhase;
			buildActionMask = 2147483647;
			files = (
			);
			runOnlyForDeploymentPostprocessing = 0;
		};
		8EC213152D70FDD000EA6CAF /* Resources */ = {
			isa = PBXResourcesBuildPhase;
			buildActionMask = 2147483647;
			files = (
			);
			runOnlyForDeploymentPostprocessing = 0;
		};
/* End PBXResourcesBuildPhase section */

/* Begin PBXSourcesBuildPhase section */
		8EC212F92D70FDCF00EA6CAF /* Sources */ = {
			isa = PBXSourcesBuildPhase;
			buildActionMask = 2147483647;
			files = (
			);
			runOnlyForDeploymentPostprocessing = 0;
		};
		8EC213092D70FDD000EA6CAF /* Sources */ = {
			isa = PBXSourcesBuildPhase;
			buildActionMask = 2147483647;
			files = (
			);
			runOnlyForDeploymentPostprocessing = 0;
		};
		8EC213132D70FDD000EA6CAF /* Sources */ = {
			isa = PBXSourcesBuildPhase;
			buildActionMask = 2147483647;
			files = (
			);
			runOnlyForDeploymentPostprocessing = 0;
		};
/* End PBXSourcesBuildPhase section */

/* Begin PBXTargetDependency section */
		8EC2130F2D70FDD000EA6CAF /* PBXTargetDependency */ = {
			isa = PBXTargetDependency;
			target = 8EC212FC2D70FDCF00EA6CAF /* SwiftfulMapApp */;
			targetProxy = 8EC2130E2D70FDD000EA6CAF /* PBXContainerItemProxy */;
		};
		8EC213192D70FDD000EA6CAF /* PBXTargetDependency */ = {
			isa = PBXTargetDependency;
			target = 8EC212FC2D70FDCF00EA6CAF /* SwiftfulMapApp */;
			targetProxy = 8EC213182D70FDD000EA6CAF /* PBXContainerItemProxy */;
		};
/* End PBXTargetDependency section */

/* Begin XCBuildConfiguration section */
		8EC2131F2D70FDD000EA6CAF /* Debug */ = {
			isa = XCBuildConfiguration;
			buildSettings = {
				ALWAYS_SEARCH_USER_PATHS = NO;
				ASSETCATALOG_COMPILER_GENERATE_SWIFT_ASSET_SYMBOL_EXTENSIONS = YES;
				CLANG_ANALYZER_NONNULL = YES;
				CLANG_ANALYZER_NUMBER_OBJECT_CONVERSION = YES_AGGRESSIVE;
				CLANG_CXX_LANGUAGE_STANDARD = "gnu++20";
				CLANG_ENABLE_MODULES = YES;
				CLANG_ENABLE_OBJC_ARC = YES;
				CLANG_ENABLE_OBJC_WEAK = YES;
				CLANG_WARN_BLOCK_CAPTURE_AUTORELEASING = YES;
				CLANG_WARN_BOOL_CONVERSION = YES;
				CLANG_WARN_COMMA = YES;
				CLANG_WARN_CONSTANT_CONVERSION = YES;
				CLANG_WARN_DEPRECATED_OBJC_IMPLEMENTATIONS = YES;
				CLANG_WARN_DIRECT_OBJC_ISA_USAGE = YES_ERROR;
				CLANG_WARN_DOCUMENTATION_COMMENTS = YES;
				CLANG_WARN_EMPTY_BODY = YES;
				CLANG_WARN_ENUM_CONVERSION = YES;
				CLANG_WARN_INFINITE_RECURSION = YES;
				CLANG_WARN_INT_CONVERSION = YES;
				CLANG_WARN_NON_LITERAL_NULL_CONVERSION = YES;
				CLANG_WARN_OBJC_IMPLICIT_RETAIN_SELF = YES;
				CLANG_WARN_OBJC_LITERAL_CONVERSION = YES;
				CLANG_WARN_OBJC_ROOT_CLASS = YES_ERROR;
				CLANG_WARN_QUOTED_INCLUDE_IN_FRAMEWORK_HEADER = YES;
				CLANG_WARN_RANGE_LOOP_ANALYSIS = YES;
				CLANG_WARN_STRICT_PROTOTYPES = YES;
				CLANG_WARN_SUSPICIOUS_MOVE = YES;
				CLANG_WARN_UNGUARDED_AVAILABILITY = YES_AGGRESSIVE;
				CLANG_WARN_UNREACHABLE_CODE = YES;
				CLANG_WARN__DUPLICATE_METHOD_MATCH = YES;
				COPY_PHASE_STRIP = NO;
				DEBUG_INFORMATION_FORMAT = dwarf;
				ENABLE_STRICT_OBJC_MSGSEND = YES;
				ENABLE_TESTABILITY = YES;
				ENABLE_USER_SCRIPT_SANDBOXING = YES;
				GCC_C_LANGUAGE_STANDARD = gnu17;
				GCC_DYNAMIC_NO_PIC = NO;
				GCC_NO_COMMON_BLOCKS = YES;
				GCC_OPTIMIZATION_LEVEL = 0;
				GCC_PREPROCESSOR_DEFINITIONS = (
					"DEBUG=1",
					"$(inherited)",
				);
				GCC_WARN_64_TO_32_BIT_CONVERSION = YES;
				GCC_WARN_ABOUT_RETURN_TYPE = YES_ERROR;
				GCC_WARN_UNDECLARED_SELECTOR = YES;
				GCC_WARN_UNINITIALIZED_AUTOS = YES_AGGRESSIVE;
				GCC_WARN_UNUSED_FUNCTION = YES;
				GCC_WARN_UNUSED_VARIABLE = YES;
				IPHONEOS_DEPLOYMENT_TARGET = 18.2;
				LOCALIZATION_PREFERS_STRING_CATALOGS = YES;
				MTL_ENABLE_DEBUG_INFO = INCLUDE_SOURCE;
				MTL_FAST_MATH = YES;
				ONLY_ACTIVE_ARCH = YES;
				SDKROOT = iphoneos;
				SWIFT_ACTIVE_COMPILATION_CONDITIONS = "DEBUG $(inherited)";
				SWIFT_OPTIMIZATION_LEVEL = "-Onone";
			};
			name = Debug;
		};
		8EC213202D70FDD000EA6CAF /* Release */ = {
			isa = XCBuildConfiguration;
			buildSettings = {
				ALWAYS_SEARCH_USER_PATHS = NO;
				ASSETCATALOG_COMPILER_GENERATE_SWIFT_ASSET_SYMBOL_EXTENSIONS = YES;
				CLANG_ANALYZER_NONNULL = YES;
				CLANG_ANALYZER_NUMBER_OBJECT_CONVERSION = YES_AGGRESSIVE;
				CLANG_CXX_LANGUAGE_STANDARD = "gnu++20";
				CLANG_ENABLE_MODULES = YES;
				CLANG_ENABLE_OBJC_ARC = YES;
				CLANG_ENABLE_OBJC_WEAK = YES;
				CLANG_WARN_BLOCK_CAPTURE_AUTORELEASING = YES;
				CLANG_WARN_BOOL_CONVERSION = YES;
				CLANG_WARN_COMMA = YES;
				CLANG_WARN_CONSTANT_CONVERSION = YES;
				CLANG_WARN_DEPRECATED_OBJC_IMPLEMENTATIONS = YES;
				CLANG_WARN_DIRECT_OBJC_ISA_USAGE = YES_ERROR;
				CLANG_WARN_DOCUMENTATION_COMMENTS = YES;
				CLANG_WARN_EMPTY_BODY = YES;
				CLANG_WARN_ENUM_CONVERSION = YES;
				CLANG_WARN_INFINITE_RECURSION = YES;
				CLANG_WARN_INT_CONVERSION = YES;
				CLANG_WARN_NON_LITERAL_NULL_CONVERSION = YES;
				CLANG_WARN_OBJC_IMPLICIT_RETAIN_SELF = YES;
				CLANG_WARN_OBJC_LITERAL_CONVERSION = YES;
				CLANG_WARN_OBJC_ROOT_CLASS = YES_ERROR;
				CLANG_WARN_QUOTED_INCLUDE_IN_FRAMEWORK_HEADER = YES;
				CLANG_WARN_RANGE_LOOP_ANALYSIS = YES;
				CLANG_WARN_STRICT_PROTOTYPES = YES;
				CLANG_WARN_SUSPICIOUS_MOVE = YES;
				CLANG_WARN_UNGUARDED_AVAILABILITY = YES_AGGRESSIVE;
				CLANG_WARN_UNREACHABLE_CODE = YES;
				CLANG_WARN__DUPLICATE_METHOD_MATCH = YES;
				COPY_PHASE_STRIP = NO;
				DEBUG_INFORMATION_FORMAT = "dwarf-with-dsym";
				ENABLE_NS_ASSERTIONS = NO;
				ENABLE_STRICT_OBJC_MSGSEND = YES;
				ENABLE_USER_SCRIPT_SANDBOXING = YES;
				GCC_C_LANGUAGE_STANDARD = gnu17;
				GCC_NO_COMMON_BLOCKS = YES;
				GCC_WARN_64_TO_32_BIT_CONVERSION = YES;
				GCC_WARN_ABOUT_RETURN_TYPE = YES_ERROR;
				GCC_WARN_UNDECLARED_SELECTOR = YES;
				GCC_WARN_UNINITIALIZED_AUTOS = YES_AGGRESSIVE;
				GCC_WARN_UNUSED_FUNCTION = YES;
				GCC_WARN_UNUSED_VARIABLE = YES;
				IPHONEOS_DEPLOYMENT_TARGET = 18.2;
				LOCALIZATION_PREFERS_STRING_CATALOGS = YES;
				MTL_ENABLE_DEBUG_INFO = NO;
				MTL_FAST_MATH = YES;
				SDKROOT = iphoneos;
				SWIFT_COMPILATION_MODE = wholemodule;
				VALIDATE_PRODUCT = YES;
			};
			name = Release;
		};
		8EC213222D70FDD000EA6CAF /* Debug */ = {
			isa = XCBuildConfiguration;
			buildSettings = {
				ASSETCATALOG_COMPILER_APPICON_NAME = AppIcon;
				ASSETCATALOG_COMPILER_GLOBAL_ACCENT_COLOR_NAME = AccentColor;
				CODE_SIGN_STYLE = Automatic;
				CURRENT_PROJECT_VERSION = 1;
				DEVELOPMENT_ASSET_PATHS = "\"SwiftfulMapApp/Preview Content\"";
				DEVELOPMENT_TEAM = JH3Z3G9UGX;
				ENABLE_PREVIEWS = YES;
				GENERATE_INFOPLIST_FILE = YES;
				INFOPLIST_KEY_UIApplicationSceneManifest_Generation = YES;
				INFOPLIST_KEY_UIApplicationSupportsIndirectInputEvents = YES;
				INFOPLIST_KEY_UILaunchScreen_Generation = YES;
				INFOPLIST_KEY_UISupportedInterfaceOrientations_iPad = "UIInterfaceOrientationPortrait UIInterfaceOrientationPortraitUpsideDown UIInterfaceOrientationLandscapeLeft UIInterfaceOrientationLandscapeRight";
				INFOPLIST_KEY_UISupportedInterfaceOrientations_iPhone = "UIInterfaceOrientationPortrait UIInterfaceOrientationLandscapeLeft UIInterfaceOrientationLandscapeRight";
				LD_RUNPATH_SEARCH_PATHS = (
					"$(inherited)",
					"@executable_path/Frameworks",
				);
				MARKETING_VERSION = 1.0;
				PRODUCT_BUNDLE_IDENTIFIER = com.darrellstone.SwiftfulMapApp;
				PRODUCT_NAME = "$(TARGET_NAME)";
				SWIFT_EMIT_LOC_STRINGS = YES;
				SWIFT_VERSION = 5.0;
				TARGETED_DEVICE_FAMILY = "1,2";
			};
			name = Debug;
		};
		8EC213232D70FDD000EA6CAF /* Release */ = {
			isa = XCBuildConfiguration;
			buildSettings = {
				ASSETCATALOG_COMPILER_APPICON_NAME = AppIcon;
				ASSETCATALOG_COMPILER_GLOBAL_ACCENT_COLOR_NAME = AccentColor;
				CODE_SIGN_STYLE = Automatic;
				CURRENT_PROJECT_VERSION = 1;
				DEVELOPMENT_ASSET_PATHS = "\"SwiftfulMapApp/Preview Content\"";
				DEVELOPMENT_TEAM = JH3Z3G9UGX;
				ENABLE_PREVIEWS = YES;
				GENERATE_INFOPLIST_FILE = YES;
				INFOPLIST_KEY_UIApplicationSceneManifest_Generation = YES;
				INFOPLIST_KEY_UIApplicationSupportsIndirectInputEvents = YES;
				INFOPLIST_KEY_UILaunchScreen_Generation = YES;
				INFOPLIST_KEY_UISupportedInterfaceOrientations_iPad = "UIInterfaceOrientationPortrait UIInterfaceOrientationPortraitUpsideDown UIInterfaceOrientationLandscapeLeft UIInterfaceOrientationLandscapeRight";
				INFOPLIST_KEY_UISupportedInterfaceOrientations_iPhone = "UIInterfaceOrientationPortrait UIInterfaceOrientationLandscapeLeft UIInterfaceOrientationLandscapeRight";
				LD_RUNPATH_SEARCH_PATHS = (
					"$(inherited)",
					"@executable_path/Frameworks",
				);
				MARKETING_VERSION = 1.0;
				PRODUCT_BUNDLE_IDENTIFIER = com.darrellstone.SwiftfulMapApp;
				PRODUCT_NAME = "$(TARGET_NAME)";
				SWIFT_EMIT_LOC_STRINGS = YES;
				SWIFT_VERSION = 5.0;
				TARGETED_DEVICE_FAMILY = "1,2";
			};
			name = Release;
		};
		8EC213252D70FDD000EA6CAF /* Debug */ = {
			isa = XCBuildConfiguration;
			buildSettings = {
				BUNDLE_LOADER = "$(TEST_HOST)";
				CODE_SIGN_STYLE = Automatic;
				CURRENT_PROJECT_VERSION = 1;
				DEVELOPMENT_TEAM = JH3Z3G9UGX;
				GENERATE_INFOPLIST_FILE = YES;
				IPHONEOS_DEPLOYMENT_TARGET = 18.2;
				MARKETING_VERSION = 1.0;
				PRODUCT_BUNDLE_IDENTIFIER = com.darrellstone.SwiftfulMapAppTests;
				PRODUCT_NAME = "$(TARGET_NAME)";
				SWIFT_EMIT_LOC_STRINGS = NO;
				SWIFT_VERSION = 5.0;
				TARGETED_DEVICE_FAMILY = "1,2";
				TEST_HOST = "$(BUILT_PRODUCTS_DIR)/SwiftfulMapApp.app/$(BUNDLE_EXECUTABLE_FOLDER_PATH)/SwiftfulMapApp";
			};
			name = Debug;
		};
		8EC213262D70FDD000EA6CAF /* Release */ = {
			isa = XCBuildConfiguration;
			buildSettings = {
				BUNDLE_LOADER = "$(TEST_HOST)";
				CODE_SIGN_STYLE = Automatic;
				CURRENT_PROJECT_VERSION = 1;
				DEVELOPMENT_TEAM = JH3Z3G9UGX;
				GENERATE_INFOPLIST_FILE = YES;
				IPHONEOS_DEPLOYMENT_TARGET = 18.2;
				MARKETING_VERSION = 1.0;
				PRODUCT_BUNDLE_IDENTIFIER = com.darrellstone.SwiftfulMapAppTests;
				PRODUCT_NAME = "$(TARGET_NAME)";
				SWIFT_EMIT_LOC_STRINGS = NO;
				SWIFT_VERSION = 5.0;
				TARGETED_DEVICE_FAMILY = "1,2";
				TEST_HOST = "$(BUILT_PRODUCTS_DIR)/SwiftfulMapApp.app/$(BUNDLE_EXECUTABLE_FOLDER_PATH)/SwiftfulMapApp";
			};
			name = Release;
		};
		8EC213282D70FDD000EA6CAF /* Debug */ = {
			isa = XCBuildConfiguration;
			buildSettings = {
				CODE_SIGN_STYLE = Automatic;
				CURRENT_PROJECT_VERSION = 1;
				DEVELOPMENT_TEAM = JH3Z3G9UGX;
				GENERATE_INFOPLIST_FILE = YES;
				MARKETING_VERSION = 1.0;
				PRODUCT_BUNDLE_IDENTIFIER = com.darrellstone.SwiftfulMapAppUITests;
				PRODUCT_NAME = "$(TARGET_NAME)";
				SWIFT_EMIT_LOC_STRINGS = NO;
				SWIFT_VERSION = 5.0;
				TARGETED_DEVICE_FAMILY = "1,2";
				TEST_TARGET_NAME = SwiftfulMapApp;
			};
			name = Debug;
		};
		8EC213292D70FDD000EA6CAF /* Release */ = {
			isa = XCBuildConfiguration;
			buildSettings = {
				CODE_SIGN_STYLE = Automatic;
				CURRENT_PROJECT_VERSION = 1;
				DEVELOPMENT_TEAM = JH3Z3G9UGX;
				GENERATE_INFOPLIST_FILE = YES;
				MARKETING_VERSION = 1.0;
				PRODUCT_BUNDLE_IDENTIFIER = com.darrellstone.SwiftfulMapAppUITests;
				PRODUCT_NAME = "$(TARGET_NAME)";
				SWIFT_EMIT_LOC_STRINGS = NO;
				SWIFT_VERSION = 5.0;
				TARGETED_DEVICE_FAMILY = "1,2";
				TEST_TARGET_NAME = SwiftfulMapApp;
			};
			name = Release;
		};
/* End XCBuildConfiguration section */

/* Begin XCConfigurationList section */
		8EC212F82D70FDCF00EA6CAF /* Build configuration list for PBXProject "SwiftfulMapApp" */ = {
			isa = XCConfigurationList;
			buildConfigurations = (
				8EC2131F2D70FDD000EA6CAF /* Debug */,
				8EC213202D70FDD000EA6CAF /* Release */,
			);
			defaultConfigurationIsVisible = 0;
			defaultConfigurationName = Release;
		};
		8EC213212D70FDD000EA6CAF /* Build configuration list for PBXNativeTarget "SwiftfulMapApp" */ = {
			isa = XCConfigurationList;
			buildConfigurations = (
				8EC213222D70FDD000EA6CAF /* Debug */,
				8EC213232D70FDD000EA6CAF /* Release */,
			);
			defaultConfigurationIsVisible = 0;
			defaultConfigurationName = Release;
		};
		8EC213242D70FDD000EA6CAF /* Build configuration list for PBXNativeTarget "SwiftfulMapAppTests" */ = {
			isa = XCConfigurationList;
			buildConfigurations = (
				8EC213252D70FDD000EA6CAF /* Debug */,
				8EC213262D70FDD000EA6CAF /* Release */,
			);
			defaultConfigurationIsVisible = 0;
			defaultConfigurationName = Release;
		};
		8EC213272D70FDD000EA6CAF /* Build configuration list for PBXNativeTarget "SwiftfulMapAppUITests" */ = {
			isa = XCConfigurationList;
			buildConfigurations = (
				8EC213282D70FDD000EA6CAF /* Debug */,
				8EC213292D70FDD000EA6CAF /* Release */,
			);
			defaultConfigurationIsVisible = 0;
			defaultConfigurationName = Release;
		};
/* End XCConfigurationList section */
	};
	rootObject = 8EC212F52D70FDCF00EA6CAF /* Project object */;
}
